// !$*UTF8*$!
{
	archiveVersion = 1;
	classes = {
	};
	objectVersion = 56;
	objects = {

/* Begin PBXBuildFile section */
		B49CCB19274AEAC0A80914F1 /* Pods_LoginScreen.framework in Frameworks */ = {isa = PBXBuildFile; fileRef = 8985EEBEBECA036BED3FAF2B /* Pods_LoginScreen.framework */; };
		DD12EEAD2B585AAF00A3D1A1 /* GoogleService-Info.plist in Resources */ = {isa = PBXBuildFile; fileRef = DD12EEAC2B585AAF00A3D1A1 /* GoogleService-Info.plist */; };
		DD28E32F2B605F3200C73F81 /* ProgressHUD in Frameworks */ = {isa = PBXBuildFile; productRef = DD28E32E2B605F3200C73F81 /* ProgressHUD */; };
		DD4B858B2B51D00000290F1B /* GlobalConstants.swift in Sources */ = {isa = PBXBuildFile; fileRef = DD4B858A2B51D00000290F1B /* GlobalConstants.swift */; };
		DDA6A8232B2F3B3F001EB081 /* SignUpViewController.swift in Sources */ = {isa = PBXBuildFile; fileRef = DDA6A8222B2F3B3F001EB081 /* SignUpViewController.swift */; };
		DDA6A8252B2F3C42001EB081 /* HomePageViewController.swift in Sources */ = {isa = PBXBuildFile; fileRef = DDA6A8242B2F3C42001EB081 /* HomePageViewController.swift */; };
		DDC9FCC82B20CD1B005D21FD /* AppDelegate.swift in Sources */ = {isa = PBXBuildFile; fileRef = DDC9FCC72B20CD1B005D21FD /* AppDelegate.swift */; };
		DDC9FCCA2B20CD1B005D21FD /* SceneDelegate.swift in Sources */ = {isa = PBXBuildFile; fileRef = DDC9FCC92B20CD1B005D21FD /* SceneDelegate.swift */; };
		DDC9FCCC2B20CD1B005D21FD /* LogInViewController.swift in Sources */ = {isa = PBXBuildFile; fileRef = DDC9FCCB2B20CD1B005D21FD /* LogInViewController.swift */; };
		DDC9FCCF2B20CD1B005D21FD /* Main.storyboard in Resources */ = {isa = PBXBuildFile; fileRef = DDC9FCCD2B20CD1B005D21FD /* Main.storyboard */; };
		DDC9FCD12B20CD1C005D21FD /* Assets.xcassets in Resources */ = {isa = PBXBuildFile; fileRef = DDC9FCD02B20CD1C005D21FD /* Assets.xcassets */; };
		DDC9FCD42B20CD1C005D21FD /* LaunchScreen.storyboard in Resources */ = {isa = PBXBuildFile; fileRef = DDC9FCD22B20CD1C005D21FD /* LaunchScreen.storyboard */; };
		DDD9C3662B4071BC00D9CF29 /* NavigationController.swift in Sources */ = {isa = PBXBuildFile; fileRef = DDD9C3652B4071BC00D9CF29 /* NavigationController.swift */; };
		DDFE29CD2B22183300C8D6AA /* PT_Mono-Regular.ttf in Resources */ = {isa = PBXBuildFile; fileRef = DDFE29CC2B22182A00C8D6AA /* PT_Mono-Regular.ttf */; };
		DDFE29CF2B22184C00C8D6AA /* PT_Mono-Bold.ttf in Resources */ = {isa = PBXBuildFile; fileRef = DDFE29CE2B22184700C8D6AA /* PT_Mono-Bold.ttf */; };
/* End PBXBuildFile section */

/* Begin PBXFileReference section */
		8985EEBEBECA036BED3FAF2B /* Pods_LoginScreen.framework */ = {isa = PBXFileReference; explicitFileType = wrapper.framework; includeInIndex = 0; path = Pods_LoginScreen.framework; sourceTree = BUILT_PRODUCTS_DIR; };
		B14394A1DE5FF00F15223FFC /* Pods-LoginScreen.debug.xcconfig */ = {isa = PBXFileReference; includeInIndex = 1; lastKnownFileType = text.xcconfig; name = "Pods-LoginScreen.debug.xcconfig"; path = "Target Support Files/Pods-LoginScreen/Pods-LoginScreen.debug.xcconfig"; sourceTree = "<group>"; };
		CB01ED52B6B80D6F72D738FF /* Pods-LoginScreen.release.xcconfig */ = {isa = PBXFileReference; includeInIndex = 1; lastKnownFileType = text.xcconfig; name = "Pods-LoginScreen.release.xcconfig"; path = "Target Support Files/Pods-LoginScreen/Pods-LoginScreen.release.xcconfig"; sourceTree = "<group>"; };
		DD12EEAC2B585AAF00A3D1A1 /* GoogleService-Info.plist */ = {isa = PBXFileReference; fileEncoding = 4; lastKnownFileType = text.plist.xml; name = "GoogleService-Info.plist"; path = "../GoogleService-Info.plist"; sourceTree = "<group>"; };
		DD4B858A2B51D00000290F1B /* GlobalConstants.swift */ = {isa = PBXFileReference; lastKnownFileType = sourcecode.swift; path = GlobalConstants.swift; sourceTree = "<group>"; };
		DDA6A8222B2F3B3F001EB081 /* SignUpViewController.swift */ = {isa = PBXFileReference; lastKnownFileType = sourcecode.swift; path = SignUpViewController.swift; sourceTree = "<group>"; };
		DDA6A8242B2F3C42001EB081 /* HomePageViewController.swift */ = {isa = PBXFileReference; lastKnownFileType = sourcecode.swift; path = HomePageViewController.swift; sourceTree = "<group>"; };
		DDC9FCC42B20CD1B005D21FD /* LoginScreen.app */ = {isa = PBXFileReference; explicitFileType = wrapper.application; includeInIndex = 0; path = LoginScreen.app; sourceTree = BUILT_PRODUCTS_DIR; };
		DDC9FCC72B20CD1B005D21FD /* AppDelegate.swift */ = {isa = PBXFileReference; lastKnownFileType = sourcecode.swift; path = AppDelegate.swift; sourceTree = "<group>"; };
		DDC9FCC92B20CD1B005D21FD /* SceneDelegate.swift */ = {isa = PBXFileReference; lastKnownFileType = sourcecode.swift; path = SceneDelegate.swift; sourceTree = "<group>"; };
		DDC9FCCB2B20CD1B005D21FD /* LogInViewController.swift */ = {isa = PBXFileReference; lastKnownFileType = sourcecode.swift; lineEnding = 0; path = LogInViewController.swift; sourceTree = "<group>"; usesTabs = 0; };
		DDC9FCCE2B20CD1B005D21FD /* Base */ = {isa = PBXFileReference; lastKnownFileType = file.storyboard; name = Base; path = Base.lproj/Main.storyboard; sourceTree = "<group>"; };
		DDC9FCD02B20CD1C005D21FD /* Assets.xcassets */ = {isa = PBXFileReference; lastKnownFileType = folder.assetcatalog; path = Assets.xcassets; sourceTree = "<group>"; };
		DDC9FCD32B20CD1C005D21FD /* Base */ = {isa = PBXFileReference; lastKnownFileType = file.storyboard; name = Base; path = Base.lproj/LaunchScreen.storyboard; sourceTree = "<group>"; };
		DDC9FCD52B20CD1C005D21FD /* Info.plist */ = {isa = PBXFileReference; lastKnownFileType = text.plist.xml; path = Info.plist; sourceTree = "<group>"; };
		DDD9C3652B4071BC00D9CF29 /* NavigationController.swift */ = {isa = PBXFileReference; lastKnownFileType = sourcecode.swift; path = NavigationController.swift; sourceTree = "<group>"; };
		DDFE29CC2B22182A00C8D6AA /* PT_Mono-Regular.ttf */ = {isa = PBXFileReference; lastKnownFileType = file; path = "PT_Mono-Regular.ttf"; sourceTree = "<group>"; };
		DDFE29CE2B22184700C8D6AA /* PT_Mono-Bold.ttf */ = {isa = PBXFileReference; lastKnownFileType = file; path = "PT_Mono-Bold.ttf"; sourceTree = "<group>"; };
/* End PBXFileReference section */

/* Begin PBXFrameworksBuildPhase section */
		DDC9FCC12B20CD1B005D21FD /* Frameworks */ = {
			isa = PBXFrameworksBuildPhase;
			buildActionMask = 2147483647;
			files = (
				B49CCB19274AEAC0A80914F1 /* Pods_LoginScreen.framework in Frameworks */,
				DD28E32F2B605F3200C73F81 /* ProgressHUD in Frameworks */,
			);
			runOnlyForDeploymentPostprocessing = 0;
		};
/* End PBXFrameworksBuildPhase section */

/* Begin PBXGroup section */
		8A509C0954BE71B77578E99E /* Pods */ = {
			isa = PBXGroup;
			children = (
				B14394A1DE5FF00F15223FFC /* Pods-LoginScreen.debug.xcconfig */,
				CB01ED52B6B80D6F72D738FF /* Pods-LoginScreen.release.xcconfig */,
			);
			path = Pods;
			sourceTree = "<group>";
		};
		DDC9FCBB2B20CD1B005D21FD = {
			isa = PBXGroup;
			children = (
				DD12EEAC2B585AAF00A3D1A1 /* GoogleService-Info.plist */,
				DDC9FCC62B20CD1B005D21FD /* LoginScreen */,
				DDC9FCC52B20CD1B005D21FD /* Products */,
				8A509C0954BE71B77578E99E /* Pods */,
				E5339D70D78CB2C2A3D5047E /* Frameworks */,
			);
			sourceTree = "<group>";
		};
		DDC9FCC52B20CD1B005D21FD /* Products */ = {
			isa = PBXGroup;
			children = (
				DDC9FCC42B20CD1B005D21FD /* LoginScreen.app */,
			);
			name = Products;
			sourceTree = "<group>";
		};
		DDC9FCC62B20CD1B005D21FD /* LoginScreen */ = {
			isa = PBXGroup;
			children = (
				DDC9FCC72B20CD1B005D21FD /* AppDelegate.swift */,
				DDC9FCC92B20CD1B005D21FD /* SceneDelegate.swift */,
				DD4B858A2B51D00000290F1B /* GlobalConstants.swift */,
				DDD9C3652B4071BC00D9CF29 /* NavigationController.swift */,
				DDC9FCCB2B20CD1B005D21FD /* LogInViewController.swift */,
				DDA6A8222B2F3B3F001EB081 /* SignUpViewController.swift */,
				DDA6A8242B2F3C42001EB081 /* HomePageViewController.swift */,
				DDC9FCCD2B20CD1B005D21FD /* Main.storyboard */,
				DDC9FCD02B20CD1C005D21FD /* Assets.xcassets */,
				DDC9FCD22B20CD1C005D21FD /* LaunchScreen.storyboard */,
				DDC9FCD52B20CD1C005D21FD /* Info.plist */,
				DDFE29CB2B22154800C8D6AA /* fonts */,
			);
			path = LoginScreen;
			sourceTree = "<group>";
		};
		DDFE29CB2B22154800C8D6AA /* fonts */ = {
			isa = PBXGroup;
			children = (
				DDFE29CC2B22182A00C8D6AA /* PT_Mono-Regular.ttf */,
				DDFE29CE2B22184700C8D6AA /* PT_Mono-Bold.ttf */,
			);
			path = fonts;
			sourceTree = "<group>";
		};
		E5339D70D78CB2C2A3D5047E /* Frameworks */ = {
			isa = PBXGroup;
			children = (
				8985EEBEBECA036BED3FAF2B /* Pods_LoginScreen.framework */,
			);
			name = Frameworks;
			sourceTree = "<group>";
		};
/* End PBXGroup section */

/* Begin PBXNativeTarget section */
		DDC9FCC32B20CD1B005D21FD /* LoginScreen */ = {
			isa = PBXNativeTarget;
			buildConfigurationList = DDC9FCD82B20CD1C005D21FD /* Build configuration list for PBXNativeTarget "LoginScreen" */;
			buildPhases = (
				ECC3C7A66FAC575BAF5FB935 /* [CP] Check Pods Manifest.lock */,
				DDC9FCC02B20CD1B005D21FD /* Sources */,
				DDC9FCC12B20CD1B005D21FD /* Frameworks */,
				DDC9FCC22B20CD1B005D21FD /* Resources */,
				EC21D9547AE26F3EA40D3EB1 /* [CP] Embed Pods Frameworks */,
			);
			buildRules = (
			);
			dependencies = (
			);
			name = LoginScreen;
			packageProductDependencies = (
				DD28E32E2B605F3200C73F81 /* ProgressHUD */,
			);
			productName = LoginScreen;
			productReference = DDC9FCC42B20CD1B005D21FD /* LoginScreen.app */;
			productType = "com.apple.product-type.application";
		};
/* End PBXNativeTarget section */

/* Begin PBXProject section */
		DDC9FCBC2B20CD1B005D21FD /* Project object */ = {
			isa = PBXProject;
			attributes = {
				BuildIndependentTargetsInParallel = 1;
				LastSwiftUpdateCheck = 1500;
				LastUpgradeCheck = 1500;
				TargetAttributes = {
					DDC9FCC32B20CD1B005D21FD = {
						CreatedOnToolsVersion = 15.0.1;
					};
				};
			};
			buildConfigurationList = DDC9FCBF2B20CD1B005D21FD /* Build configuration list for PBXProject "LoginScreen" */;
			compatibilityVersion = "Xcode 14.0";
			developmentRegion = en;
			hasScannedForEncodings = 0;
			knownRegions = (
				en,
				Base,
			);
			mainGroup = DDC9FCBB2B20CD1B005D21FD;
			packageReferences = (
				DD28E32D2B605F3200C73F81 /* XCRemoteSwiftPackageReference "ProgressHUD" */,
			);
			productRefGroup = DDC9FCC52B20CD1B005D21FD /* Products */;
			projectDirPath = "";
			projectRoot = "";
			targets = (
				DDC9FCC32B20CD1B005D21FD /* LoginScreen */,
			);
		};
/* End PBXProject section */

/* Begin PBXResourcesBuildPhase section */
		DDC9FCC22B20CD1B005D21FD /* Resources */ = {
			isa = PBXResourcesBuildPhase;
			buildActionMask = 2147483647;
			files = (
				DDC9FCD42B20CD1C005D21FD /* LaunchScreen.storyboard in Resources */,
				DDFE29CF2B22184C00C8D6AA /* PT_Mono-Bold.ttf in Resources */,
				DDC9FCD12B20CD1C005D21FD /* Assets.xcassets in Resources */,
				DDFE29CD2B22183300C8D6AA /* PT_Mono-Regular.ttf in Resources */,
				DDC9FCCF2B20CD1B005D21FD /* Main.storyboard in Resources */,
				DD12EEAD2B585AAF00A3D1A1 /* GoogleService-Info.plist in Resources */,
			);
			runOnlyForDeploymentPostprocessing = 0;
		};
/* End PBXResourcesBuildPhase section */

/* Begin PBXShellScriptBuildPhase section */
		EC21D9547AE26F3EA40D3EB1 /* [CP] Embed Pods Frameworks */ = {
			isa = PBXShellScriptBuildPhase;
			buildActionMask = 2147483647;
			files = (
			);
			inputFileListPaths = (
				"${PODS_ROOT}/Target Support Files/Pods-LoginScreen/Pods-LoginScreen-frameworks-${CONFIGURATION}-input-files.xcfilelist",
			);
			name = "[CP] Embed Pods Frameworks";
			outputFileListPaths = (
				"${PODS_ROOT}/Target Support Files/Pods-LoginScreen/Pods-LoginScreen-frameworks-${CONFIGURATION}-output-files.xcfilelist",
			);
			runOnlyForDeploymentPostprocessing = 0;
			shellPath = /bin/sh;
			shellScript = "\"${PODS_ROOT}/Target Support Files/Pods-LoginScreen/Pods-LoginScreen-frameworks.sh\"\n";
			showEnvVarsInLog = 0;
		};
		ECC3C7A66FAC575BAF5FB935 /* [CP] Check Pods Manifest.lock */ = {
			isa = PBXShellScriptBuildPhase;
			buildActionMask = 2147483647;
			files = (
			);
			inputFileListPaths = (
			);
			inputPaths = (
				"${PODS_PODFILE_DIR_PATH}/Podfile.lock",
				"${PODS_ROOT}/Manifest.lock",
			);
			name = "[CP] Check Pods Manifest.lock";
			outputFileListPaths = (
			);
			outputPaths = (
				"$(DERIVED_FILE_DIR)/Pods-LoginScreen-checkManifestLockResult.txt",
			);
			runOnlyForDeploymentPostprocessing = 0;
			shellPath = /bin/sh;
			shellScript = "diff \"${PODS_PODFILE_DIR_PATH}/Podfile.lock\" \"${PODS_ROOT}/Manifest.lock\" > /dev/null\nif [ $? != 0 ] ; then\n    # print error to STDERR\n    echo \"error: The sandbox is not in sync with the Podfile.lock. Run 'pod install' or update your CocoaPods installation.\" >&2\n    exit 1\nfi\n# This output is used by Xcode 'outputs' to avoid re-running this script phase.\necho \"SUCCESS\" > \"${SCRIPT_OUTPUT_FILE_0}\"\n";
			showEnvVarsInLog = 0;
		};
/* End PBXShellScriptBuildPhase section */

/* Begin PBXSourcesBuildPhase section */
		DDC9FCC02B20CD1B005D21FD /* Sources */ = {
			isa = PBXSourcesBuildPhase;
			buildActionMask = 2147483647;
			files = (
				DD4B858B2B51D00000290F1B /* GlobalConstants.swift in Sources */,
				DDC9FCCC2B20CD1B005D21FD /* LogInViewController.swift in Sources */,
				DDD9C3662B4071BC00D9CF29 /* NavigationController.swift in Sources */,
				DDC9FCC82B20CD1B005D21FD /* AppDelegate.swift in Sources */,
				DDA6A8232B2F3B3F001EB081 /* SignUpViewController.swift in Sources */,
				DDA6A8252B2F3C42001EB081 /* HomePageViewController.swift in Sources */,
				DDC9FCCA2B20CD1B005D21FD /* SceneDelegate.swift in Sources */,
			);
			runOnlyForDeploymentPostprocessing = 0;
		};
/* End PBXSourcesBuildPhase section */

/* Begin PBXVariantGroup section */
		DDC9FCCD2B20CD1B005D21FD /* Main.storyboard */ = {
			isa = PBXVariantGroup;
			children = (
				DDC9FCCE2B20CD1B005D21FD /* Base */,
			);
			name = Main.storyboard;
			sourceTree = "<group>";
		};
		DDC9FCD22B20CD1C005D21FD /* LaunchScreen.storyboard */ = {
			isa = PBXVariantGroup;
			children = (
				DDC9FCD32B20CD1C005D21FD /* Base */,
			);
			name = LaunchScreen.storyboard;
			sourceTree = "<group>";
		};
/* End PBXVariantGroup section */

/* Begin XCBuildConfiguration section */
		DDC9FCD62B20CD1C005D21FD /* Debug */ = {
			isa = XCBuildConfiguration;
			buildSettings = {
				ALWAYS_SEARCH_USER_PATHS = NO;
				ASSETCATALOG_COMPILER_GENERATE_SWIFT_ASSET_SYMBOL_EXTENSIONS = YES;
				CLANG_ANALYZER_NONNULL = YES;
				CLANG_ANALYZER_NUMBER_OBJECT_CONVERSION = YES_AGGRESSIVE;
				CLANG_CXX_LANGUAGE_STANDARD = "gnu++20";
				CLANG_ENABLE_MODULES = YES;
				CLANG_ENABLE_OBJC_ARC = YES;
				CLANG_ENABLE_OBJC_WEAK = YES;
				CLANG_WARN_BLOCK_CAPTURE_AUTORELEASING = YES;
				CLANG_WARN_BOOL_CONVERSION = YES;
				CLANG_WARN_COMMA = YES;
				CLANG_WARN_CONSTANT_CONVERSION = YES;
				CLANG_WARN_DEPRECATED_OBJC_IMPLEMENTATIONS = YES;
				CLANG_WARN_DIRECT_OBJC_ISA_USAGE = YES_ERROR;
				CLANG_WARN_DOCUMENTATION_COMMENTS = YES;
				CLANG_WARN_EMPTY_BODY = YES;
				CLANG_WARN_ENUM_CONVERSION = YES;
				CLANG_WARN_INFINITE_RECURSION = YES;
				CLANG_WARN_INT_CONVERSION = YES;
				CLANG_WARN_NON_LITERAL_NULL_CONVERSION = YES;
				CLANG_WARN_OBJC_IMPLICIT_RETAIN_SELF = YES;
				CLANG_WARN_OBJC_LITERAL_CONVERSION = YES;
				CLANG_WARN_OBJC_ROOT_CLASS = YES_ERROR;
				CLANG_WARN_QUOTED_INCLUDE_IN_FRAMEWORK_HEADER = YES;
				CLANG_WARN_RANGE_LOOP_ANALYSIS = YES;
				CLANG_WARN_STRICT_PROTOTYPES = YES;
				CLANG_WARN_SUSPICIOUS_MOVE = YES;
				CLANG_WARN_UNGUARDED_AVAILABILITY = YES_AGGRESSIVE;
				CLANG_WARN_UNREACHABLE_CODE = YES;
				CLANG_WARN__DUPLICATE_METHOD_MATCH = YES;
				COPY_PHASE_STRIP = NO;
				DEBUG_INFORMATION_FORMAT = dwarf;
				ENABLE_STRICT_OBJC_MSGSEND = YES;
				ENABLE_TESTABILITY = YES;
				ENABLE_USER_SCRIPT_SANDBOXING = YES;
				GCC_C_LANGUAGE_STANDARD = gnu17;
				GCC_DYNAMIC_NO_PIC = NO;
				GCC_NO_COMMON_BLOCKS = YES;
				GCC_OPTIMIZATION_LEVEL = 0;
				GCC_PREPROCESSOR_DEFINITIONS = (
					"DEBUG=1",
					"$(inherited)",
				);
				GCC_WARN_64_TO_32_BIT_CONVERSION = YES;
				GCC_WARN_ABOUT_RETURN_TYPE = YES_ERROR;
				GCC_WARN_UNDECLARED_SELECTOR = YES;
				GCC_WARN_UNINITIALIZED_AUTOS = YES_AGGRESSIVE;
				GCC_WARN_UNUSED_FUNCTION = YES;
				GCC_WARN_UNUSED_VARIABLE = YES;
				IPHONEOS_DEPLOYMENT_TARGET = 14.1;
				LOCALIZATION_PREFERS_STRING_CATALOGS = YES;
				MTL_ENABLE_DEBUG_INFO = INCLUDE_SOURCE;
				MTL_FAST_MATH = YES;
				ONLY_ACTIVE_ARCH = YES;
				SDKROOT = iphoneos;
				SWIFT_ACTIVE_COMPILATION_CONDITIONS = "DEBUG $(inherited)";
				SWIFT_OPTIMIZATION_LEVEL = "-Onone";
			};
			name = Debug;
		};
		DDC9FCD72B20CD1C005D21FD /* Release */ = {
			isa = XCBuildConfiguration;
			buildSettings = {
				ALWAYS_SEARCH_USER_PATHS = NO;
				ASSETCATALOG_COMPILER_GENERATE_SWIFT_ASSET_SYMBOL_EXTENSIONS = YES;
				CLANG_ANALYZER_NONNULL = YES;
				CLANG_ANALYZER_NUMBER_OBJECT_CONVERSION = YES_AGGRESSIVE;
				CLANG_CXX_LANGUAGE_STANDARD = "gnu++20";
				CLANG_ENABLE_MODULES = YES;
				CLANG_ENABLE_OBJC_ARC = YES;
				CLANG_ENABLE_OBJC_WEAK = YES;
				CLANG_WARN_BLOCK_CAPTURE_AUTORELEASING = YES;
				CLANG_WARN_BOOL_CONVERSION = YES;
				CLANG_WARN_COMMA = YES;
				CLANG_WARN_CONSTANT_CONVERSION = YES;
				CLANG_WARN_DEPRECATED_OBJC_IMPLEMENTATIONS = YES;
				CLANG_WARN_DIRECT_OBJC_ISA_USAGE = YES_ERROR;
				CLANG_WARN_DOCUMENTATION_COMMENTS = YES;
				CLANG_WARN_EMPTY_BODY = YES;
				CLANG_WARN_ENUM_CONVERSION = YES;
				CLANG_WARN_INFINITE_RECURSION = YES;
				CLANG_WARN_INT_CONVERSION = YES;
				CLANG_WARN_NON_LITERAL_NULL_CONVERSION = YES;
				CLANG_WARN_OBJC_IMPLICIT_RETAIN_SELF = YES;
				CLANG_WARN_OBJC_LITERAL_CONVERSION = YES;
				CLANG_WARN_OBJC_ROOT_CLASS = YES_ERROR;
				CLANG_WARN_QUOTED_INCLUDE_IN_FRAMEWORK_HEADER = YES;
				CLANG_WARN_RANGE_LOOP_ANALYSIS = YES;
				CLANG_WARN_STRICT_PROTOTYPES = YES;
				CLANG_WARN_SUSPICIOUS_MOVE = YES;
				CLANG_WARN_UNGUARDED_AVAILABILITY = YES_AGGRESSIVE;
				CLANG_WARN_UNREACHABLE_CODE = YES;
				CLANG_WARN__DUPLICATE_METHOD_MATCH = YES;
				COPY_PHASE_STRIP = NO;
				DEBUG_INFORMATION_FORMAT = "dwarf-with-dsym";
				ENABLE_NS_ASSERTIONS = NO;
				ENABLE_STRICT_OBJC_MSGSEND = YES;
				ENABLE_USER_SCRIPT_SANDBOXING = YES;
				GCC_C_LANGUAGE_STANDARD = gnu17;
				GCC_NO_COMMON_BLOCKS = YES;
				GCC_WARN_64_TO_32_BIT_CONVERSION = YES;
				GCC_WARN_ABOUT_RETURN_TYPE = YES_ERROR;
				GCC_WARN_UNDECLARED_SELECTOR = YES;
				GCC_WARN_UNINITIALIZED_AUTOS = YES_AGGRESSIVE;
				GCC_WARN_UNUSED_FUNCTION = YES;
				GCC_WARN_UNUSED_VARIABLE = YES;
				IPHONEOS_DEPLOYMENT_TARGET = 14.1;
				LOCALIZATION_PREFERS_STRING_CATALOGS = YES;
				MTL_ENABLE_DEBUG_INFO = NO;
				MTL_FAST_MATH = YES;
				SDKROOT = iphoneos;
				SWIFT_COMPILATION_MODE = wholemodule;
				VALIDATE_PRODUCT = YES;
			};
			name = Release;
		};
		DDC9FCD92B20CD1C005D21FD /* Debug */ = {
			isa = XCBuildConfiguration;
			baseConfigurationReference = B14394A1DE5FF00F15223FFC /* Pods-LoginScreen.debug.xcconfig */;
			buildSettings = {
				ASSETCATALOG_COMPILER_APPICON_NAME = AppIcon;
				ASSETCATALOG_COMPILER_GLOBAL_ACCENT_COLOR_NAME = AccentColor;
				CODE_SIGN_IDENTITY = "Apple Development";
				CODE_SIGN_STYLE = Automatic;
				CURRENT_PROJECT_VERSION = 1;
				DEVELOPMENT_TEAM = D28SS25G7Y;
				ENABLE_USER_SCRIPT_SANDBOXING = NO;
				GENERATE_INFOPLIST_FILE = YES;
				INFOPLIST_FILE = LoginScreen/Info.plist;
				INFOPLIST_KEY_UIApplicationSupportsIndirectInputEvents = YES;
				INFOPLIST_KEY_UILaunchStoryboardName = LaunchScreen;
				INFOPLIST_KEY_UIMainStoryboardFile = Main;
				INFOPLIST_KEY_UISupportedInterfaceOrientations_iPad = "UIInterfaceOrientationPortrait UIInterfaceOrientationPortraitUpsideDown UIInterfaceOrientationLandscapeLeft UIInterfaceOrientationLandscapeRight";
				INFOPLIST_KEY_UISupportedInterfaceOrientations_iPhone = "UIInterfaceOrientationPortrait UIInterfaceOrientationLandscapeLeft UIInterfaceOrientationLandscapeRight";
				IPHONEOS_DEPLOYMENT_TARGET = 14.1;
				LD_RUNPATH_SEARCH_PATHS = (
					"$(inherited)",
					"@executable_path/Frameworks",
				);
				MARKETING_VERSION = 1.0;
				PRODUCT_BUNDLE_IDENTIFIER = Vadim;
				PRODUCT_NAME = "$(TARGET_NAME)";
				PROVISIONING_PROFILE_SPECIFIER = "";
				SWIFT_EMIT_LOC_STRINGS = YES;
				SWIFT_VERSION = 5.0;
				TARGETED_DEVICE_FAMILY = "1,2";
			};
			name = Debug;
		};
		DDC9FCDA2B20CD1C005D21FD /* Release */ = {
			isa = XCBuildConfiguration;
			baseConfigurationReference = CB01ED52B6B80D6F72D738FF /* Pods-LoginScreen.release.xcconfig */;
			buildSettings = {
				ASSETCATALOG_COMPILER_APPICON_NAME = AppIcon;
				ASSETCATALOG_COMPILER_GLOBAL_ACCENT_COLOR_NAME = AccentColor;
				CODE_SIGN_IDENTITY = "Apple Development";
				CODE_SIGN_STYLE = Automatic;
				CURRENT_PROJECT_VERSION = 1;
				DEVELOPMENT_TEAM = D28SS25G7Y;
				ENABLE_USER_SCRIPT_SANDBOXING = NO;
				GENERATE_INFOPLIST_FILE = YES;
				INFOPLIST_FILE = LoginScreen/Info.plist;
				INFOPLIST_KEY_UIApplicationSupportsIndirectInputEvents = YES;
				INFOPLIST_KEY_UILaunchStoryboardName = LaunchScreen;
				INFOPLIST_KEY_UIMainStoryboardFile = Main;
				INFOPLIST_KEY_UISupportedInterfaceOrientations_iPad = "UIInterfaceOrientationPortrait UIInterfaceOrientationPortraitUpsideDown UIInterfaceOrientationLandscapeLeft UIInterfaceOrientationLandscapeRight";
				INFOPLIST_KEY_UISupportedInterfaceOrientations_iPhone = "UIInterfaceOrientationPortrait UIInterfaceOrientationLandscapeLeft UIInterfaceOrientationLandscapeRight";
				IPHONEOS_DEPLOYMENT_TARGET = 14.1;
				LD_RUNPATH_SEARCH_PATHS = (
					"$(inherited)",
					"@executable_path/Frameworks",
				);
				MARKETING_VERSION = 1.0;
				PRODUCT_BUNDLE_IDENTIFIER = Vadim;
				PRODUCT_NAME = "$(TARGET_NAME)";
				PROVISIONING_PROFILE_SPECIFIER = "";
				SWIFT_EMIT_LOC_STRINGS = YES;
				SWIFT_VERSION = 5.0;
				TARGETED_DEVICE_FAMILY = "1,2";
			};
			name = Release;
		};
/* End XCBuildConfiguration section */

/* Begin XCConfigurationList section */
		DDC9FCBF2B20CD1B005D21FD /* Build configuration list for PBXProject "LoginScreen" */ = {
			isa = XCConfigurationList;
			buildConfigurations = (
				DDC9FCD62B20CD1C005D21FD /* Debug */,
				DDC9FCD72B20CD1C005D21FD /* Release */,
			);
			defaultConfigurationIsVisible = 0;
			defaultConfigurationName = Release;
		};
		DDC9FCD82B20CD1C005D21FD /* Build configuration list for PBXNativeTarget "LoginScreen" */ = {
			isa = XCConfigurationList;
			buildConfigurations = (
				DDC9FCD92B20CD1C005D21FD /* Debug */,
				DDC9FCDA2B20CD1C005D21FD /* Release */,
			);
			defaultConfigurationIsVisible = 0;
			defaultConfigurationName = Release;
		};
/* End XCConfigurationList section */

/* Begin XCRemoteSwiftPackageReference section */
		DD28E32D2B605F3200C73F81 /* XCRemoteSwiftPackageReference "ProgressHUD" */ = {
			isa = XCRemoteSwiftPackageReference;
			repositoryURL = "https://github.com/relatedcode/ProgressHUD.git";
			requirement = {
				kind = upToNextMajorVersion;
				minimumVersion = 14.1.1;
			};
		};
/* End XCRemoteSwiftPackageReference section */

/* Begin XCSwiftPackageProductDependency section */
		DD28E32E2B605F3200C73F81 /* ProgressHUD */ = {
			isa = XCSwiftPackageProductDependency;
			package = DD28E32D2B605F3200C73F81 /* XCRemoteSwiftPackageReference "ProgressHUD" */;
			productName = ProgressHUD;
		};
/* End XCSwiftPackageProductDependency section */
	};
	rootObject = DDC9FCBC2B20CD1B005D21FD /* Project object */;
}
